
Microsoft Visual Studio Solution File, Format Version 12.00
# Visual Studio Version 17
VisualStudioVersion = 17.5.33502.453
MinimumVisualStudioVersion = 10.0.40219.1
Project("{FAE04EC0-301F-11D3-BF4B-00C04F79EFBC}") = "LibraryApp", "LibraryApp\LibraryApp.csproj", "{735CD548-1D8D-4433-BD97-81079AA86ED0}"
EndProject
Global
	GlobalSection(SolutionConfigurationPlatforms) = preSolution
		Debug|Any CPU = Debug|Any CPU
		Release|Any CPU = Release|Any CPU
	EndGlobalSection
	GlobalSection(ProjectConfigurationPlatforms) = postSolution
		{735CD548-1D8D-4433-BD97-81079AA86ED0}.Debug|Any CPU.ActiveCfg = Debug|Any CPU
		{735CD548-1D8D-4433-BD97-81079AA86ED0}.Debug|Any CPU.Build.0 = Debug|Any CPU
		{735CD548-1D8D-4433-BD97-81079AA86ED0}.Release|Any CPU.ActiveCfg = Release|Any CPU
		{735CD548-1D8D-4433-BD97-81079AA86ED0}.Release|Any CPU.Build.0 = Release|Any CPU
	EndGlobalSection
	GlobalSection(SolutionProperties) = preSolution
		HideSolutionNode = FALSE
	EndGlobalSection
	GlobalSection(ExtensibilityGlobals) = postSolution
		SolutionGuid = {BF165E59-BB0F-4020-88CE-13B62B9180EC}
	EndGlobalSection
EndGlobal
